
Microsoft Visual Studio Solution File, Format Version 12.00
# Visual Studio 15
VisualStudioVersion = 15.0.28307.1972
MinimumVisualStudioVersion = 10.0.40219.1
Project("{FAE04EC0-301F-11D3-BF4B-00C04F79EFBC}") = "ServetSocketUtils", "ServetSocketUtils\ServetSocketUtils.csproj", "{D8C6B999-2C9E-457E-B8C1-794064096912}"
EndProject
Global
	GlobalSection(SolutionConfigurationPlatforms) = preSolution
		Debug|Any CPU = Debug|Any CPU
		Release|Any CPU = Release|Any CPU
	EndGlobalSection
	GlobalSection(ProjectConfigurationPlatforms) = postSolution
		{D8C6B999-2C9E-457E-B8C1-794064096912}.Debug|Any CPU.ActiveCfg = Debug|Any CPU
		{D8C6B999-2C9E-457E-B8C1-794064096912}.Debug|Any CPU.Build.0 = Debug|Any CPU
		{D8C6B999-2C9E-457E-B8C1-794064096912}.Release|Any CPU.ActiveCfg = Release|Any CPU
		{D8C6B999-2C9E-457E-B8C1-794064096912}.Release|Any CPU.Build.0 = Release|Any CPU
	EndGlobalSection
	GlobalSection(SolutionProperties) = preSolution
		HideSolutionNode = FALSE
	EndGlobalSection
	GlobalSection(ExtensibilityGlobals) = postSolution
		SolutionGuid = {64172E77-01CC-4356-9679-A374B2B7FED9}
	EndGlobalSection
EndGlobal
